
Microsoft Visual Studio Solution File, Format Version 12.00
# Visual Studio Version 17
VisualStudioVersion = 17.1.32328.378
MinimumVisualStudioVersion = 10.0.40219.1
Project("{9A19103F-16F7-4668-BE54-9A1E7A4F7556}") = "Comanche", "Comanche\Comanche.csproj", "{87C0C6F8-029E-4756-BA2B-641FDC027F2B}"
EndProject
Project("{9A19103F-16F7-4668-BE54-9A1E7A4F7556}") = "Comanche.Tests", "Comanche.Tests\Comanche.Tests.csproj", "{C8A8F766-25F8-4641-B2A0-7A02565DC75C}"
EndProject
Project("{2150E333-8FDC-42A3-9474-1A3956D46DE8}") = "Solution Items", "Solution Items", "{926E8D8A-E0B3-414E-82D6-AFA20217B5A4}"
	ProjectSection(SolutionItems) = preProject
		readme.md = readme.md
	EndProjectSection
EndProject
Project("{2150E333-8FDC-42A3-9474-1A3956D46DE8}") = "Tests", "Tests", "{472CDFAA-3AD4-46BB-B3A4-B604DA0C99D0}"
EndProject
Global
	GlobalSection(SolutionConfigurationPlatforms) = preSolution
		Debug|Any CPU = Debug|Any CPU
		Release|Any CPU = Release|Any CPU
	EndGlobalSection
	GlobalSection(ProjectConfigurationPlatforms) = postSolution
		{87C0C6F8-029E-4756-BA2B-641FDC027F2B}.Debug|Any CPU.ActiveCfg = Debug|Any CPU
		{87C0C6F8-029E-4756-BA2B-641FDC027F2B}.Debug|Any CPU.Build.0 = Debug|Any CPU
		{87C0C6F8-029E-4756-BA2B-641FDC027F2B}.Release|Any CPU.ActiveCfg = Release|Any CPU
		{87C0C6F8-029E-4756-BA2B-641FDC027F2B}.Release|Any CPU.Build.0 = Release|Any CPU
		{C8A8F766-25F8-4641-B2A0-7A02565DC75C}.Debug|Any CPU.ActiveCfg = Debug|Any CPU
		{C8A8F766-25F8-4641-B2A0-7A02565DC75C}.Debug|Any CPU.Build.0 = Debug|Any CPU
		{C8A8F766-25F8-4641-B2A0-7A02565DC75C}.Release|Any CPU.ActiveCfg = Release|Any CPU
		{C8A8F766-25F8-4641-B2A0-7A02565DC75C}.Release|Any CPU.Build.0 = Release|Any CPU
	EndGlobalSection
	GlobalSection(SolutionProperties) = preSolution
		HideSolutionNode = FALSE
	EndGlobalSection
	GlobalSection(NestedProjects) = preSolution
		{C8A8F766-25F8-4641-B2A0-7A02565DC75C} = {472CDFAA-3AD4-46BB-B3A4-B604DA0C99D0}
	EndGlobalSection
	GlobalSection(ExtensibilityGlobals) = postSolution
		SolutionGuid = {9F1AE176-B3FD-4C97-AADC-76F7234756BC}
	EndGlobalSection
EndGlobal
